
Microsoft Visual Studio Solution File, Format Version 12.00
# Visual Studio Version 17
VisualStudioVersion = 17.9.34728.123
MinimumVisualStudioVersion = 10.0.40219.1
Project("{9A19103F-16F7-4668-BE54-9A1E7A4F7556}") = "Api", "Api.csproj", "{1D753A50-90AA-4C9C-A6C1-666601609278}"
EndProject
Project("{9A19103F-16F7-4668-BE54-9A1E7A4F7556}") = "Tests", "..\WeatherTests\Tests.csproj", "{307AFD9C-168C-4486-821F-5DDA73746DE0}"
EndProject
Global
	GlobalSection(SolutionConfigurationPlatforms) = preSolution
		Debug|Any CPU = Debug|Any CPU
		Release|Any CPU = Release|Any CPU
	EndGlobalSection
	GlobalSection(ProjectConfigurationPlatforms) = postSolution
		{1D753A50-90AA-4C9C-A6C1-666601609278}.Debug|Any CPU.ActiveCfg = Debug|Any CPU
		{1D753A50-90AA-4C9C-A6C1-666601609278}.Debug|Any CPU.Build.0 = Debug|Any CPU
		{1D753A50-90AA-4C9C-A6C1-666601609278}.Release|Any CPU.ActiveCfg = Release|Any CPU
		{1D753A50-90AA-4C9C-A6C1-666601609278}.Release|Any CPU.Build.0 = Release|Any CPU
		{307AFD9C-168C-4486-821F-5DDA73746DE0}.Debug|Any CPU.ActiveCfg = Debug|Any CPU
		{307AFD9C-168C-4486-821F-5DDA73746DE0}.Debug|Any CPU.Build.0 = Debug|Any CPU
		{307AFD9C-168C-4486-821F-5DDA73746DE0}.Release|Any CPU.ActiveCfg = Release|Any CPU
		{307AFD9C-168C-4486-821F-5DDA73746DE0}.Release|Any CPU.Build.0 = Release|Any CPU
	EndGlobalSection
	GlobalSection(SolutionProperties) = preSolution
		HideSolutionNode = FALSE
	EndGlobalSection
	GlobalSection(ExtensibilityGlobals) = postSolution
		SolutionGuid = {F5E9B187-FA2A-44C5-8EC9-05CAB3B81965}
	EndGlobalSection
EndGlobal
